// !$*UTF8*$!
{
	archiveVersion = 1;
	classes = {
	};
	objectVersion = 48;
	objects = {

/* Begin PBXBuildFile section */
		3D99D5761FD7A5C600129931 /* AppDelegate.swift in Sources */ = {isa = PBXBuildFile; fileRef = 3D99D5751FD7A5C600129931 /* AppDelegate.swift */; };
		3D99D5781FD7A5C600129931 /* ViewController.swift in Sources */ = {isa = PBXBuildFile; fileRef = 3D99D5771FD7A5C600129931 /* ViewController.swift */; };
		3D99D57B1FD7A5C600129931 /* Main.storyboard in Resources */ = {isa = PBXBuildFile; fileRef = 3D99D5791FD7A5C600129931 /* Main.storyboard */; };
		3D99D57D1FD7A5C600129931 /* Assets.xcassets in Resources */ = {isa = PBXBuildFile; fileRef = 3D99D57C1FD7A5C600129931 /* Assets.xcassets */; };
		3D99D5801FD7A5C600129931 /* LaunchScreen.storyboard in Resources */ = {isa = PBXBuildFile; fileRef = 3D99D57E1FD7A5C600129931 /* LaunchScreen.storyboard */; };
		3DA89E931FDB7E0F009BAC45 /* BottleNumber0.swift in Sources */ = {isa = PBXBuildFile; fileRef = 3DBD5FC91FDB5A4500FEDAC0 /* BottleNumber0.swift */; };
		3DA89E951FDB83DB009BAC45 /* BottleNumber1.swift in Sources */ = {isa = PBXBuildFile; fileRef = 3DA89E941FDB83DB009BAC45 /* BottleNumber1.swift */; };
		3DA89E961FDB83EB009BAC45 /* BottleNumber1.swift in Sources */ = {isa = PBXBuildFile; fileRef = 3DA89E941FDB83DB009BAC45 /* BottleNumber1.swift */; };
		3DA89E981FDBBAB5009BAC45 /* BottleNumber6.swift in Sources */ = {isa = PBXBuildFile; fileRef = 3DA89E971FDBBAB5009BAC45 /* BottleNumber6.swift */; };
		3DBD5FB51FD9F1D800FEDAC0 /* BottlesTests.swift in Sources */ = {isa = PBXBuildFile; fileRef = 3DBD5FB41FD9F1D800FEDAC0 /* BottlesTests.swift */; };
		3DBD5FC11FDA0DD900FEDAC0 /* Bottles.swift in Sources */ = {isa = PBXBuildFile; fileRef = 3DBD5FC01FDA0DD800FEDAC0 /* Bottles.swift */; };
		3DBD5FC21FDA0DDF00FEDAC0 /* Bottles.swift in Sources */ = {isa = PBXBuildFile; fileRef = 3DBD5FC01FDA0DD800FEDAC0 /* Bottles.swift */; };
		3DBD5FC41FDB234700FEDAC0 /* String+CapitalizedFirst.swift in Sources */ = {isa = PBXBuildFile; fileRef = 3DBD5FC31FDB234700FEDAC0 /* String+CapitalizedFirst.swift */; };
		3DBD5FC51FDB23BF00FEDAC0 /* String+CapitalizedFirst.swift in Sources */ = {isa = PBXBuildFile; fileRef = 3DBD5FC31FDB234700FEDAC0 /* String+CapitalizedFirst.swift */; };
		3DBD5FC71FDB2FEF00FEDAC0 /* BottleNumber.swift in Sources */ = {isa = PBXBuildFile; fileRef = 3DBD5FC61FDB2FEF00FEDAC0 /* BottleNumber.swift */; };
		3DBD5FC81FDB448700FEDAC0 /* BottleNumber.swift in Sources */ = {isa = PBXBuildFile; fileRef = 3DBD5FC61FDB2FEF00FEDAC0 /* BottleNumber.swift */; };
		3DBD5FCA1FDB5A4500FEDAC0 /* BottleNumber0.swift in Sources */ = {isa = PBXBuildFile; fileRef = 3DBD5FC91FDB5A4500FEDAC0 /* BottleNumber0.swift */; };
/* End PBXBuildFile section */

/* Begin PBXContainerItemProxy section */
		3D99D5871FD7A5C600129931 /* PBXContainerItemProxy */ = {
			isa = PBXContainerItemProxy;
			containerPortal = 3D99D56A1FD7A5C500129931 /* Project object */;
			proxyType = 1;
			remoteGlobalIDString = 3D99D5711FD7A5C500129931;
			remoteInfo = "99 Bottles of OOP";
		};
/* End PBXContainerItemProxy section */

/* Begin PBXFileReference section */
		3D99D5721FD7A5C600129931 /* 99 Bottles of OOP.app */ = {isa = PBXFileReference; explicitFileType = wrapper.application; includeInIndex = 0; path = "99 Bottles of OOP.app"; sourceTree = BUILT_PRODUCTS_DIR; };
		3D99D5751FD7A5C600129931 /* AppDelegate.swift */ = {isa = PBXFileReference; lastKnownFileType = sourcecode.swift; path = AppDelegate.swift; sourceTree = "<group>"; };
		3D99D5771FD7A5C600129931 /* ViewController.swift */ = {isa = PBXFileReference; lastKnownFileType = sourcecode.swift; path = ViewController.swift; sourceTree = "<group>"; };
		3D99D57A1FD7A5C600129931 /* Base */ = {isa = PBXFileReference; lastKnownFileType = file.storyboard; name = Base; path = Base.lproj/Main.storyboard; sourceTree = "<group>"; };
		3D99D57C1FD7A5C600129931 /* Assets.xcassets */ = {isa = PBXFileReference; lastKnownFileType = folder.assetcatalog; path = Assets.xcassets; sourceTree = "<group>"; };
		3D99D57F1FD7A5C600129931 /* Base */ = {isa = PBXFileReference; lastKnownFileType = file.storyboard; name = Base; path = Base.lproj/LaunchScreen.storyboard; sourceTree = "<group>"; };
		3D99D5811FD7A5C600129931 /* Info.plist */ = {isa = PBXFileReference; lastKnownFileType = text.plist.xml; path = Info.plist; sourceTree = "<group>"; };
		3D99D5861FD7A5C600129931 /* 99 Bottles of OOPTests.xctest */ = {isa = PBXFileReference; explicitFileType = wrapper.cfbundle; includeInIndex = 0; path = "99 Bottles of OOPTests.xctest"; sourceTree = BUILT_PRODUCTS_DIR; };
		3D99D58C1FD7A5C600129931 /* Info.plist */ = {isa = PBXFileReference; lastKnownFileType = text.plist.xml; path = Info.plist; sourceTree = "<group>"; };
		3DA89E941FDB83DB009BAC45 /* BottleNumber1.swift */ = {isa = PBXFileReference; lastKnownFileType = sourcecode.swift; path = BottleNumber1.swift; sourceTree = "<group>"; };
		3DA89E971FDBBAB5009BAC45 /* BottleNumber6.swift */ = {isa = PBXFileReference; lastKnownFileType = sourcecode.swift; path = BottleNumber6.swift; sourceTree = "<group>"; };
		3DBD5FB41FD9F1D800FEDAC0 /* BottlesTests.swift */ = {isa = PBXFileReference; lastKnownFileType = sourcecode.swift; path = BottlesTests.swift; sourceTree = "<group>"; };
		3DBD5FC01FDA0DD800FEDAC0 /* Bottles.swift */ = {isa = PBXFileReference; lastKnownFileType = sourcecode.swift; path = Bottles.swift; sourceTree = "<group>"; };
		3DBD5FC31FDB234700FEDAC0 /* String+CapitalizedFirst.swift */ = {isa = PBXFileReference; lastKnownFileType = sourcecode.swift; path = "String+CapitalizedFirst.swift"; sourceTree = "<group>"; };
		3DBD5FC61FDB2FEF00FEDAC0 /* BottleNumber.swift */ = {isa = PBXFileReference; lastKnownFileType = sourcecode.swift; path = BottleNumber.swift; sourceTree = "<group>"; };
		3DBD5FC91FDB5A4500FEDAC0 /* BottleNumber0.swift */ = {isa = PBXFileReference; lastKnownFileType = sourcecode.swift; path = BottleNumber0.swift; sourceTree = "<group>"; };
/* End PBXFileReference section */

/* Begin PBXFrameworksBuildPhase section */
		3D99D56F1FD7A5C500129931 /* Frameworks */ = {
			isa = PBXFrameworksBuildPhase;
			buildActionMask = 2147483647;
			files = (
			);
			runOnlyForDeploymentPostprocessing = 0;
		};
		3D99D5831FD7A5C600129931 /* Frameworks */ = {
			isa = PBXFrameworksBuildPhase;
			buildActionMask = 2147483647;
			files = (
			);
			runOnlyForDeploymentPostprocessing = 0;
		};
/* End PBXFrameworksBuildPhase section */

/* Begin PBXGroup section */
		3D99D5691FD7A5C500129931 = {
			isa = PBXGroup;
			children = (
				3D99D5741FD7A5C600129931 /* 99 Bottles of OOP */,
				3D99D5891FD7A5C600129931 /* 99 Bottles of OOPTests */,
				3D99D5731FD7A5C600129931 /* Products */,
			);
			sourceTree = "<group>";
		};
		3D99D5731FD7A5C600129931 /* Products */ = {
			isa = PBXGroup;
			children = (
				3D99D5721FD7A5C600129931 /* 99 Bottles of OOP.app */,
				3D99D5861FD7A5C600129931 /* 99 Bottles of OOPTests.xctest */,
			);
			name = Products;
			sourceTree = "<group>";
		};
		3D99D5741FD7A5C600129931 /* 99 Bottles of OOP */ = {
			isa = PBXGroup;
			children = (
				3D99D5751FD7A5C600129931 /* AppDelegate.swift */,
				3D99D5771FD7A5C600129931 /* ViewController.swift */,
				3DBD5FC01FDA0DD800FEDAC0 /* Bottles.swift */,
				3DBD5FC61FDB2FEF00FEDAC0 /* BottleNumber.swift */,
				3DBD5FC91FDB5A4500FEDAC0 /* BottleNumber0.swift */,
				3DA89E941FDB83DB009BAC45 /* BottleNumber1.swift */,
				3DA89E971FDBBAB5009BAC45 /* BottleNumber6.swift */,
				3DBD5FC31FDB234700FEDAC0 /* String+CapitalizedFirst.swift */,
				3D99D5791FD7A5C600129931 /* Main.storyboard */,
				3D99D57C1FD7A5C600129931 /* Assets.xcassets */,
				3D99D57E1FD7A5C600129931 /* LaunchScreen.storyboard */,
				3D99D5811FD7A5C600129931 /* Info.plist */,
			);
			path = "99 Bottles of OOP";
			sourceTree = "<group>";
		};
		3D99D5891FD7A5C600129931 /* 99 Bottles of OOPTests */ = {
			isa = PBXGroup;
			children = (
				3DBD5FB41FD9F1D800FEDAC0 /* BottlesTests.swift */,
				3D99D58C1FD7A5C600129931 /* Info.plist */,
			);
			path = "99 Bottles of OOPTests";
			sourceTree = "<group>";
		};
/* End PBXGroup section */

/* Begin PBXNativeTarget section */
		3D99D5711FD7A5C500129931 /* 99 Bottles of OOP */ = {
			isa = PBXNativeTarget;
			buildConfigurationList = 3D99D58F1FD7A5C600129931 /* Build configuration list for PBXNativeTarget "99 Bottles of OOP" */;
			buildPhases = (
				3D99D56E1FD7A5C500129931 /* Sources */,
				3D99D56F1FD7A5C500129931 /* Frameworks */,
				3D99D5701FD7A5C500129931 /* Resources */,
			);
			buildRules = (
			);
			dependencies = (
			);
			name = "99 Bottles of OOP";
			productName = "99 Bottles of OOP";
			productReference = 3D99D5721FD7A5C600129931 /* 99 Bottles of OOP.app */;
			productType = "com.apple.product-type.application";
		};
		3D99D5851FD7A5C600129931 /* 99 Bottles of OOPTests */ = {
			isa = PBXNativeTarget;
			buildConfigurationList = 3D99D5921FD7A5C600129931 /* Build configuration list for PBXNativeTarget "99 Bottles of OOPTests" */;
			buildPhases = (
				3D99D5821FD7A5C600129931 /* Sources */,
				3D99D5831FD7A5C600129931 /* Frameworks */,
				3D99D5841FD7A5C600129931 /* Resources */,
			);
			buildRules = (
			);
			dependencies = (
				3D99D5881FD7A5C600129931 /* PBXTargetDependency */,
			);
			name = "99 Bottles of OOPTests";
			productName = "99 Bottles of OOPTests";
			productReference = 3D99D5861FD7A5C600129931 /* 99 Bottles of OOPTests.xctest */;
			productType = "com.apple.product-type.bundle.unit-test";
		};
/* End PBXNativeTarget section */

/* Begin PBXProject section */
		3D99D56A1FD7A5C500129931 /* Project object */ = {
			isa = PBXProject;
			attributes = {
				LastSwiftUpdateCheck = 0910;
				LastUpgradeCheck = 0910;
				ORGANIZATIONNAME = "William Peregoy";
				TargetAttributes = {
					3D99D5711FD7A5C500129931 = {
						CreatedOnToolsVersion = 9.1;
						ProvisioningStyle = Automatic;
					};
					3D99D5851FD7A5C600129931 = {
						CreatedOnToolsVersion = 9.1;
						ProvisioningStyle = Automatic;
						TestTargetID = 3D99D5711FD7A5C500129931;
					};
				};
			};
			buildConfigurationList = 3D99D56D1FD7A5C500129931 /* Build configuration list for PBXProject "99 Bottles of OOP" */;
			compatibilityVersion = "Xcode 8.0";
			developmentRegion = en;
			hasScannedForEncodings = 0;
			knownRegions = (
				en,
				Base,
			);
			mainGroup = 3D99D5691FD7A5C500129931;
			productRefGroup = 3D99D5731FD7A5C600129931 /* Products */;
			projectDirPath = "";
			projectRoot = "";
			targets = (
				3D99D5711FD7A5C500129931 /* 99 Bottles of OOP */,
				3D99D5851FD7A5C600129931 /* 99 Bottles of OOPTests */,
			);
		};
/* End PBXProject section */

/* Begin PBXResourcesBuildPhase section */
		3D99D5701FD7A5C500129931 /* Resources */ = {
			isa = PBXResourcesBuildPhase;
			buildActionMask = 2147483647;
			files = (
				3D99D5801FD7A5C600129931 /* LaunchScreen.storyboard in Resources */,
				3D99D57D1FD7A5C600129931 /* Assets.xcassets in Resources */,
				3D99D57B1FD7A5C600129931 /* Main.storyboard in Resources */,
			);
			runOnlyForDeploymentPostprocessing = 0;
		};
		3D99D5841FD7A5C600129931 /* Resources */ = {
			isa = PBXResourcesBuildPhase;
			buildActionMask = 2147483647;
			files = (
			);
			runOnlyForDeploymentPostprocessing = 0;
		};
/* End PBXResourcesBuildPhase section */

/* Begin PBXSourcesBuildPhase section */
		3D99D56E1FD7A5C500129931 /* Sources */ = {
			isa = PBXSourcesBuildPhase;
			buildActionMask = 2147483647;
			files = (
				3DBD5FC71FDB2FEF00FEDAC0 /* BottleNumber.swift in Sources */,
				3DBD5FCA1FDB5A4500FEDAC0 /* BottleNumber0.swift in Sources */,
				3DBD5FC41FDB234700FEDAC0 /* String+CapitalizedFirst.swift in Sources */,
				3DA89E951FDB83DB009BAC45 /* BottleNumber1.swift in Sources */,
				3D99D5781FD7A5C600129931 /* ViewController.swift in Sources */,
				3D99D5761FD7A5C600129931 /* AppDelegate.swift in Sources */,
				3DBD5FC11FDA0DD900FEDAC0 /* Bottles.swift in Sources */,
				3DA89E981FDBBAB5009BAC45 /* BottleNumber6.swift in Sources */,
			);
			runOnlyForDeploymentPostprocessing = 0;
		};
		3D99D5821FD7A5C600129931 /* Sources */ = {
			isa = PBXSourcesBuildPhase;
			buildActionMask = 2147483647;
			files = (
				3DBD5FC81FDB448700FEDAC0 /* BottleNumber.swift in Sources */,
				3DBD5FB51FD9F1D800FEDAC0 /* BottlesTests.swift in Sources */,
				3DA89E961FDB83EB009BAC45 /* BottleNumber1.swift in Sources */,
				3DBD5FC21FDA0DDF00FEDAC0 /* Bottles.swift in Sources */,
				3DA89E931FDB7E0F009BAC45 /* BottleNumber0.swift in Sources */,
				3DBD5FC51FDB23BF00FEDAC0 /* String+CapitalizedFirst.swift in Sources */,
			);
			runOnlyForDeploymentPostprocessing = 0;
		};
/* End PBXSourcesBuildPhase section */

/* Begin PBXTargetDependency section */
		3D99D5881FD7A5C600129931 /* PBXTargetDependency */ = {
			isa = PBXTargetDependency;
			target = 3D99D5711FD7A5C500129931 /* 99 Bottles of OOP */;
			targetProxy = 3D99D5871FD7A5C600129931 /* PBXContainerItemProxy */;
		};
/* End PBXTargetDependency section */

/* Begin PBXVariantGroup section */
		3D99D5791FD7A5C600129931 /* Main.storyboard */ = {
			isa = PBXVariantGroup;
			children = (
				3D99D57A1FD7A5C600129931 /* Base */,
			);
			name = Main.storyboard;
			sourceTree = "<group>";
		};
		3D99D57E1FD7A5C600129931 /* LaunchScreen.storyboard */ = {
			isa = PBXVariantGroup;
			children = (
				3D99D57F1FD7A5C600129931 /* Base */,
			);
			name = LaunchScreen.storyboard;
			sourceTree = "<group>";
		};
/* End PBXVariantGroup section */

/* Begin XCBuildConfiguration section */
		3D99D58D1FD7A5C600129931 /* Debug */ = {
			isa = XCBuildConfiguration;
			buildSettings = {
				ALWAYS_SEARCH_USER_PATHS = NO;
				CLANG_ANALYZER_NONNULL = YES;
				CLANG_ANALYZER_NUMBER_OBJECT_CONVERSION = YES_AGGRESSIVE;
				CLANG_CXX_LANGUAGE_STANDARD = "gnu++14";
				CLANG_CXX_LIBRARY = "libc++";
				CLANG_ENABLE_MODULES = YES;
				CLANG_ENABLE_OBJC_ARC = YES;
				CLANG_WARN_BLOCK_CAPTURE_AUTORELEASING = YES;
				CLANG_WARN_BOOL_CONVERSION = YES;
				CLANG_WARN_COMMA = YES;
				CLANG_WARN_CONSTANT_CONVERSION = YES;
				CLANG_WARN_DIRECT_OBJC_ISA_USAGE = YES_ERROR;
				CLANG_WARN_DOCUMENTATION_COMMENTS = YES;
				CLANG_WARN_EMPTY_BODY = YES;
				CLANG_WARN_ENUM_CONVERSION = YES;
				CLANG_WARN_INFINITE_RECURSION = YES;
				CLANG_WARN_INT_CONVERSION = YES;
				CLANG_WARN_NON_LITERAL_NULL_CONVERSION = YES;
				CLANG_WARN_OBJC_LITERAL_CONVERSION = YES;
				CLANG_WARN_OBJC_ROOT_CLASS = YES_ERROR;
				CLANG_WARN_RANGE_LOOP_ANALYSIS = YES;
				CLANG_WARN_STRICT_PROTOTYPES = YES;
				CLANG_WARN_SUSPICIOUS_MOVE = YES;
				CLANG_WARN_UNGUARDED_AVAILABILITY = YES_AGGRESSIVE;
				CLANG_WARN_UNREACHABLE_CODE = YES;
				CLANG_WARN__DUPLICATE_METHOD_MATCH = YES;
				CODE_SIGN_IDENTITY = "iPhone Developer";
				COPY_PHASE_STRIP = NO;
				DEBUG_INFORMATION_FORMAT = dwarf;
				ENABLE_STRICT_OBJC_MSGSEND = YES;
				ENABLE_TESTABILITY = YES;
				GCC_C_LANGUAGE_STANDARD = gnu11;
				GCC_DYNAMIC_NO_PIC = NO;
				GCC_NO_COMMON_BLOCKS = YES;
				GCC_OPTIMIZATION_LEVEL = 0;
				GCC_PREPROCESSOR_DEFINITIONS = (
					"DEBUG=1",
					"$(inherited)",
				);
				GCC_WARN_64_TO_32_BIT_CONVERSION = YES;
				GCC_WARN_ABOUT_RETURN_TYPE = YES_ERROR;
				GCC_WARN_UNDECLARED_SELECTOR = YES;
				GCC_WARN_UNINITIALIZED_AUTOS = YES_AGGRESSIVE;
				GCC_WARN_UNUSED_FUNCTION = YES;
				GCC_WARN_UNUSED_VARIABLE = YES;
				IPHONEOS_DEPLOYMENT_TARGET = 11.1;
				MTL_ENABLE_DEBUG_INFO = YES;
				ONLY_ACTIVE_ARCH = YES;
				SDKROOT = iphoneos;
				SWIFT_ACTIVE_COMPILATION_CONDITIONS = DEBUG;
				SWIFT_OPTIMIZATION_LEVEL = "-Onone";
			};
			name = Debug;
		};
		3D99D58E1FD7A5C600129931 /* Release */ = {
			isa = XCBuildConfiguration;
			buildSettings = {
				ALWAYS_SEARCH_USER_PATHS = NO;
				CLANG_ANALYZER_NONNULL = YES;
				CLANG_ANALYZER_NUMBER_OBJECT_CONVERSION = YES_AGGRESSIVE;
				CLANG_CXX_LANGUAGE_STANDARD = "gnu++14";
				CLANG_CXX_LIBRARY = "libc++";
				CLANG_ENABLE_MODULES = YES;
				CLANG_ENABLE_OBJC_ARC = YES;
				CLANG_WARN_BLOCK_CAPTURE_AUTORELEASING = YES;
				CLANG_WARN_BOOL_CONVERSION = YES;
				CLANG_WARN_COMMA = YES;
				CLANG_WARN_CONSTANT_CONVERSION = YES;
				CLANG_WARN_DIRECT_OBJC_ISA_USAGE = YES_ERROR;
				CLANG_WARN_DOCUMENTATION_COMMENTS = YES;
				CLANG_WARN_EMPTY_BODY = YES;
				CLANG_WARN_ENUM_CONVERSION = YES;
				CLANG_WARN_INFINITE_RECURSION = YES;
				CLANG_WARN_INT_CONVERSION = YES;
				CLANG_WARN_NON_LITERAL_NULL_CONVERSION = YES;
				CLANG_WARN_OBJC_LITERAL_CONVERSION = YES;
				CLANG_WARN_OBJC_ROOT_CLASS = YES_ERROR;
				CLANG_WARN_RANGE_LOOP_ANALYSIS = YES;
				CLANG_WARN_STRICT_PROTOTYPES = YES;
				CLANG_WARN_SUSPICIOUS_MOVE = YES;
				CLANG_WARN_UNGUARDED_AVAILABILITY = YES_AGGRESSIVE;
				CLANG_WARN_UNREACHABLE_CODE = YES;
				CLANG_WARN__DUPLICATE_METHOD_MATCH = YES;
				CODE_SIGN_IDENTITY = "iPhone Developer";
				COPY_PHASE_STRIP = NO;
				DEBUG_INFORMATION_FORMAT = "dwarf-with-dsym";
				ENABLE_NS_ASSERTIONS = NO;
				ENABLE_STRICT_OBJC_MSGSEND = YES;
				GCC_C_LANGUAGE_STANDARD = gnu11;
				GCC_NO_COMMON_BLOCKS = YES;
				GCC_WARN_64_TO_32_BIT_CONVERSION = YES;
				GCC_WARN_ABOUT_RETURN_TYPE = YES_ERROR;
				GCC_WARN_UNDECLARED_SELECTOR = YES;
				GCC_WARN_UNINITIALIZED_AUTOS = YES_AGGRESSIVE;
				GCC_WARN_UNUSED_FUNCTION = YES;
				GCC_WARN_UNUSED_VARIABLE = YES;
				IPHONEOS_DEPLOYMENT_TARGET = 11.1;
				MTL_ENABLE_DEBUG_INFO = NO;
				SDKROOT = iphoneos;
				SWIFT_OPTIMIZATION_LEVEL = "-Owholemodule";
				VALIDATE_PRODUCT = YES;
			};
			name = Release;
		};
		3D99D5901FD7A5C600129931 /* Debug */ = {
			isa = XCBuildConfiguration;
			buildSettings = {
				ASSETCATALOG_COMPILER_APPICON_NAME = AppIcon;
				CODE_SIGN_STYLE = Automatic;
				DEVELOPMENT_TEAM = WK3TD8MH9H;
				INFOPLIST_FILE = "99 Bottles of OOP/Info.plist";
				IPHONEOS_DEPLOYMENT_TARGET = 11.0;
				LD_RUNPATH_SEARCH_PATHS = "$(inherited) @executable_path/Frameworks";
				PRODUCT_BUNDLE_IDENTIFIER = "com.williamperegoy.-9-Bottles-of-OOP";
				PRODUCT_NAME = "$(TARGET_NAME)";
				SWIFT_VERSION = 4.0;
				TARGETED_DEVICE_FAMILY = "1,2";
			};
			name = Debug;
		};
		3D99D5911FD7A5C600129931 /* Release */ = {
			isa = XCBuildConfiguration;
			buildSettings = {
				ASSETCATALOG_COMPILER_APPICON_NAME = AppIcon;
				CODE_SIGN_STYLE = Automatic;
				DEVELOPMENT_TEAM = WK3TD8MH9H;
				INFOPLIST_FILE = "99 Bottles of OOP/Info.plist";
				IPHONEOS_DEPLOYMENT_TARGET = 11.0;
				LD_RUNPATH_SEARCH_PATHS = "$(inherited) @executable_path/Frameworks";
				PRODUCT_BUNDLE_IDENTIFIER = "com.williamperegoy.-9-Bottles-of-OOP";
				PRODUCT_NAME = "$(TARGET_NAME)";
				SWIFT_VERSION = 4.0;
				TARGETED_DEVICE_FAMILY = "1,2";
			};
			name = Release;
		};
		3D99D5931FD7A5C600129931 /* Debug */ = {
			isa = XCBuildConfiguration;
			buildSettings = {
				ALWAYS_EMBED_SWIFT_STANDARD_LIBRARIES = YES;
				BUNDLE_LOADER = "$(TEST_HOST)";
				CODE_SIGN_STYLE = Automatic;
				DEVELOPMENT_TEAM = WK3TD8MH9H;
				INFOPLIST_FILE = "99 Bottles of OOPTests/Info.plist";
				LD_RUNPATH_SEARCH_PATHS = "$(inherited) @executable_path/Frameworks @loader_path/Frameworks";
				PRODUCT_BUNDLE_IDENTIFIER = "com.williamperegoy.-9-Bottles-of-OOPTests";
				PRODUCT_NAME = "$(TARGET_NAME)";
				SWIFT_VERSION = 4.0;
				TARGETED_DEVICE_FAMILY = "1,2";
				TEST_HOST = "$(BUILT_PRODUCTS_DIR)/99 Bottles of OOP.app/99 Bottles of OOP";
			};
			name = Debug;
		};
		3D99D5941FD7A5C600129931 /* Release */ = {
			isa = XCBuildConfiguration;
			buildSettings = {
				ALWAYS_EMBED_SWIFT_STANDARD_LIBRARIES = YES;
				BUNDLE_LOADER = "$(TEST_HOST)";
				CODE_SIGN_STYLE = Automatic;
				DEVELOPMENT_TEAM = WK3TD8MH9H;
				INFOPLIST_FILE = "99 Bottles of OOPTests/Info.plist";
				LD_RUNPATH_SEARCH_PATHS = "$(inherited) @executable_path/Frameworks @loader_path/Frameworks";
				PRODUCT_BUNDLE_IDENTIFIER = "com.williamperegoy.-9-Bottles-of-OOPTests";
				PRODUCT_NAME = "$(TARGET_NAME)";
				SWIFT_VERSION = 4.0;
				TARGETED_DEVICE_FAMILY = "1,2";
				TEST_HOST = "$(BUILT_PRODUCTS_DIR)/99 Bottles of OOP.app/99 Bottles of OOP";
			};
			name = Release;
		};
/* End XCBuildConfiguration section */

/* Begin XCConfigurationList section */
		3D99D56D1FD7A5C500129931 /* Build configuration list for PBXProject "99 Bottles of OOP" */ = {
			isa = XCConfigurationList;
			buildConfigurations = (
				3D99D58D1FD7A5C600129931 /* Debug */,
				3D99D58E1FD7A5C600129931 /* Release */,
			);
			defaultConfigurationIsVisible = 0;
			defaultConfigurationName = Release;
		};
		3D99D58F1FD7A5C600129931 /* Build configuration list for PBXNativeTarget "99 Bottles of OOP" */ = {
			isa = XCConfigurationList;
			buildConfigurations = (
				3D99D5901FD7A5C600129931 /* Debug */,
				3D99D5911FD7A5C600129931 /* Release */,
			);
			defaultConfigurationIsVisible = 0;
			defaultConfigurationName = Release;
		};
		3D99D5921FD7A5C600129931 /* Build configuration list for PBXNativeTarget "99 Bottles of OOPTests" */ = {
			isa = XCConfigurationList;
			buildConfigurations = (
				3D99D5931FD7A5C600129931 /* Debug */,
				3D99D5941FD7A5C600129931 /* Release */,
			);
			defaultConfigurationIsVisible = 0;
			defaultConfigurationName = Release;
		};
/* End XCConfigurationList section */
	};
	rootObject = 3D99D56A1FD7A5C500129931 /* Project object */;
}
